
Microsoft Visual Studio Solution File, Format Version 12.00
# Visual Studio Version 16
VisualStudioVersion = 16.0.30011.22
MinimumVisualStudioVersion = 10.0.40219.1
Project("{FAE04EC0-301F-11D3-BF4B-00C04F79EFBC}") = "TP1", "TP1\TP1.csproj", "{67AD3D75-BBAB-41C7-9E9B-A73FA486ECD7}"
EndProject
Global
	GlobalSection(SolutionConfigurationPlatforms) = preSolution
		Debug|Any CPU = Debug|Any CPU
		Release|Any CPU = Release|Any CPU
	EndGlobalSection
	GlobalSection(ProjectConfigurationPlatforms) = postSolution
		{67AD3D75-BBAB-41C7-9E9B-A73FA486ECD7}.Debug|Any CPU.ActiveCfg = Debug|Any CPU
		{67AD3D75-BBAB-41C7-9E9B-A73FA486ECD7}.Debug|Any CPU.Build.0 = Debug|Any CPU
		{67AD3D75-BBAB-41C7-9E9B-A73FA486ECD7}.Release|Any CPU.ActiveCfg = Release|Any CPU
		{67AD3D75-BBAB-41C7-9E9B-A73FA486ECD7}.Release|Any CPU.Build.0 = Release|Any CPU
	EndGlobalSection
	GlobalSection(SolutionProperties) = preSolution
		HideSolutionNode = FALSE
	EndGlobalSection
	GlobalSection(ExtensibilityGlobals) = postSolution
		SolutionGuid = {F4A30BE2-0A71-4737-B465-3948E55764B5}
	EndGlobalSection
EndGlobal
